
Microsoft Visual Studio Solution File, Format Version 12.00
# Visual Studio 15
VisualStudioVersion = 15.0.27428.2011
MinimumVisualStudioVersion = 10.0.40219.1
Project("{FAE04EC0-301F-11D3-BF4B-00C04F79EFBC}") = "VotingFacility", "VotingFacility\VotingFacility.csproj", "{3770186D-487E-4E32-AA82-FD0A35F62735}"
EndProject
Project("{FAE04EC0-301F-11D3-BF4B-00C04F79EFBC}") = "Client_Voter", "Client_Voter\Client_Voter.csproj", "{D0644C7D-4A76-487C-8975-C7915C74017E}"
EndProject
Global
	GlobalSection(SolutionConfigurationPlatforms) = preSolution
		Debug|Any CPU = Debug|Any CPU
		Release|Any CPU = Release|Any CPU
	EndGlobalSection
	GlobalSection(ProjectConfigurationPlatforms) = postSolution
		{3770186D-487E-4E32-AA82-FD0A35F62735}.Debug|Any CPU.ActiveCfg = Debug|Any CPU
		{3770186D-487E-4E32-AA82-FD0A35F62735}.Debug|Any CPU.Build.0 = Debug|Any CPU
		{3770186D-487E-4E32-AA82-FD0A35F62735}.Release|Any CPU.ActiveCfg = Release|Any CPU
		{3770186D-487E-4E32-AA82-FD0A35F62735}.Release|Any CPU.Build.0 = Release|Any CPU
		{D0644C7D-4A76-487C-8975-C7915C74017E}.Debug|Any CPU.ActiveCfg = Debug|Any CPU
		{D0644C7D-4A76-487C-8975-C7915C74017E}.Debug|Any CPU.Build.0 = Debug|Any CPU
		{D0644C7D-4A76-487C-8975-C7915C74017E}.Release|Any CPU.ActiveCfg = Release|Any CPU
		{D0644C7D-4A76-487C-8975-C7915C74017E}.Release|Any CPU.Build.0 = Release|Any CPU
	EndGlobalSection
	GlobalSection(SolutionProperties) = preSolution
		HideSolutionNode = FALSE
	EndGlobalSection
	GlobalSection(ExtensibilityGlobals) = postSolution
		SolutionGuid = {AC29ABC9-7799-403A-9F75-A2EB35A8457D}
	EndGlobalSection
EndGlobal
